
Microsoft Visual Studio Solution File, Format Version 12.00
# Visual Studio 15
VisualStudioVersion = 15.0.28307.645
MinimumVisualStudioVersion = 10.0.40219.1
Project("{FAE04EC0-301F-11D3-BF4B-00C04F79EFBC}") = "LDForum", "LDForum\LDForum.csproj", "{B44D485A-388B-4194-AF9B-9C6817E4D9CE}"
EndProject
Project("{FAE04EC0-301F-11D3-BF4B-00C04F79EFBC}") = "LDForum.Data", "LDForum.Data\LDForum.Data.csproj", "{9FA07A74-9848-42A4-B54F-1C2D95F9AC7E}"
EndProject
Project("{FAE04EC0-301F-11D3-BF4B-00C04F79EFBC}") = "LDForum.Service", "LDForum.Service\LDForum.Service.csproj", "{209FD239-AE5E-4B8E-9F05-ED12F36149A4}"
EndProject
Global
	GlobalSection(SolutionConfigurationPlatforms) = preSolution
		Debug|Any CPU = Debug|Any CPU
		Release|Any CPU = Release|Any CPU
	EndGlobalSection
	GlobalSection(ProjectConfigurationPlatforms) = postSolution
		{B44D485A-388B-4194-AF9B-9C6817E4D9CE}.Debug|Any CPU.ActiveCfg = Debug|Any CPU
		{B44D485A-388B-4194-AF9B-9C6817E4D9CE}.Debug|Any CPU.Build.0 = Debug|Any CPU
		{B44D485A-388B-4194-AF9B-9C6817E4D9CE}.Release|Any CPU.ActiveCfg = Release|Any CPU
		{B44D485A-388B-4194-AF9B-9C6817E4D9CE}.Release|Any CPU.Build.0 = Release|Any CPU
		{9FA07A74-9848-42A4-B54F-1C2D95F9AC7E}.Debug|Any CPU.ActiveCfg = Debug|Any CPU
		{9FA07A74-9848-42A4-B54F-1C2D95F9AC7E}.Debug|Any CPU.Build.0 = Debug|Any CPU
		{9FA07A74-9848-42A4-B54F-1C2D95F9AC7E}.Release|Any CPU.ActiveCfg = Release|Any CPU
		{9FA07A74-9848-42A4-B54F-1C2D95F9AC7E}.Release|Any CPU.Build.0 = Release|Any CPU
		{209FD239-AE5E-4B8E-9F05-ED12F36149A4}.Debug|Any CPU.ActiveCfg = Debug|Any CPU
		{209FD239-AE5E-4B8E-9F05-ED12F36149A4}.Debug|Any CPU.Build.0 = Debug|Any CPU
		{209FD239-AE5E-4B8E-9F05-ED12F36149A4}.Release|Any CPU.ActiveCfg = Release|Any CPU
		{209FD239-AE5E-4B8E-9F05-ED12F36149A4}.Release|Any CPU.Build.0 = Release|Any CPU
	EndGlobalSection
	GlobalSection(SolutionProperties) = preSolution
		HideSolutionNode = FALSE
	EndGlobalSection
	GlobalSection(ExtensibilityGlobals) = postSolution
		SolutionGuid = {FE1A5941-F55F-4CB2-A82B-22EF7B526D51}
	EndGlobalSection
EndGlobal
